// !$*UTF8*$!
{
	archiveVersion = 1;
	classes = {
	};
	objectVersion = 56;
	objects = {

/* Begin PBXBuildFile section */
		BB335C7A288836760050EE35 /* AppDelegate.swift in Sources */ = {isa = PBXBuildFile; fileRef = BB335C79288836760050EE35 /* AppDelegate.swift */; };
		BB335C7C288836760050EE35 /* SceneDelegate.swift in Sources */ = {isa = PBXBuildFile; fileRef = BB335C7B288836760050EE35 /* SceneDelegate.swift */; };
		BB335C7E288836760050EE35 /* ViewController.swift in Sources */ = {isa = PBXBuildFile; fileRef = BB335C7D288836760050EE35 /* ViewController.swift */; };
		BB335C81288836760050EE35 /* Main.storyboard in Resources */ = {isa = PBXBuildFile; fileRef = BB335C7F288836760050EE35 /* Main.storyboard */; };
		BB335C83288836780050EE35 /* Assets.xcassets in Resources */ = {isa = PBXBuildFile; fileRef = BB335C82288836780050EE35 /* Assets.xcassets */; };
		BB335C86288836780050EE35 /* LaunchScreen.storyboard in Resources */ = {isa = PBXBuildFile; fileRef = BB335C84288836780050EE35 /* LaunchScreen.storyboard */; };
		BBA87DC928883B3B000E9E09 /* Formula1-Regular.ttf in Resources */ = {isa = PBXBuildFile; fileRef = BBA87DC728883B3B000E9E09 /* Formula1-Regular.ttf */; };
		BBA87DCA28883B3B000E9E09 /* Formula1-Bold.ttf in Resources */ = {isa = PBXBuildFile; fileRef = BBA87DC828883B3B000E9E09 /* Formula1-Bold.ttf */; };
/* End PBXBuildFile section */

/* Begin PBXFileReference section */
		BB335C76288836750050EE35 /* F12022.app */ = {isa = PBXFileReference; explicitFileType = wrapper.application; includeInIndex = 0; path = F12022.app; sourceTree = BUILT_PRODUCTS_DIR; };
		BB335C79288836760050EE35 /* AppDelegate.swift */ = {isa = PBXFileReference; lastKnownFileType = sourcecode.swift; path = AppDelegate.swift; sourceTree = "<group>"; };
		BB335C7B288836760050EE35 /* SceneDelegate.swift */ = {isa = PBXFileReference; lastKnownFileType = sourcecode.swift; path = SceneDelegate.swift; sourceTree = "<group>"; };
		BB335C7D288836760050EE35 /* ViewController.swift */ = {isa = PBXFileReference; lastKnownFileType = sourcecode.swift; path = ViewController.swift; sourceTree = "<group>"; };
		BB335C80288836760050EE35 /* Base */ = {isa = PBXFileReference; lastKnownFileType = file.storyboard; name = Base; path = Base.lproj/Main.storyboard; sourceTree = "<group>"; };
		BB335C82288836780050EE35 /* Assets.xcassets */ = {isa = PBXFileReference; lastKnownFileType = folder.assetcatalog; path = Assets.xcassets; sourceTree = "<group>"; };
		BB335C85288836780050EE35 /* Base */ = {isa = PBXFileReference; lastKnownFileType = file.storyboard; name = Base; path = Base.lproj/LaunchScreen.storyboard; sourceTree = "<group>"; };
		BB335C87288836780050EE35 /* Info.plist */ = {isa = PBXFileReference; lastKnownFileType = text.plist.xml; path = Info.plist; sourceTree = "<group>"; };
		BBA87DC728883B3B000E9E09 /* Formula1-Regular.ttf */ = {isa = PBXFileReference; lastKnownFileType = file; path = "Formula1-Regular.ttf"; sourceTree = "<group>"; };
		BBA87DC828883B3B000E9E09 /* Formula1-Bold.ttf */ = {isa = PBXFileReference; lastKnownFileType = file; path = "Formula1-Bold.ttf"; sourceTree = "<group>"; };
/* End PBXFileReference section */

/* Begin PBXFrameworksBuildPhase section */
		BB335C73288836750050EE35 /* Frameworks */ = {
			isa = PBXFrameworksBuildPhase;
			buildActionMask = 2147483647;
			files = (
			);
			runOnlyForDeploymentPostprocessing = 0;
		};
/* End PBXFrameworksBuildPhase section */

/* Begin PBXGroup section */
		BB335C6D288836750050EE35 = {
			isa = PBXGroup;
			children = (
				BB335C78288836750050EE35 /* F12022 */,
				BB335C77288836750050EE35 /* Products */,
			);
			sourceTree = "<group>";
		};
		BB335C77288836750050EE35 /* Products */ = {
			isa = PBXGroup;
			children = (
				BB335C76288836750050EE35 /* F12022.app */,
			);
			name = Products;
			sourceTree = "<group>";
		};
		BB335C78288836750050EE35 /* F12022 */ = {
			isa = PBXGroup;
			children = (
				BBA87DC828883B3B000E9E09 /* Formula1-Bold.ttf */,
				BBA87DC728883B3B000E9E09 /* Formula1-Regular.ttf */,
				BB335C79288836760050EE35 /* AppDelegate.swift */,
				BB335C7B288836760050EE35 /* SceneDelegate.swift */,
				BB335C7D288836760050EE35 /* ViewController.swift */,
				BB335C7F288836760050EE35 /* Main.storyboard */,
				BB335C82288836780050EE35 /* Assets.xcassets */,
				BB335C84288836780050EE35 /* LaunchScreen.storyboard */,
				BB335C87288836780050EE35 /* Info.plist */,
			);
			path = F12022;
			sourceTree = "<group>";
		};
/* End PBXGroup section */

/* Begin PBXNativeTarget section */
		BB335C75288836750050EE35 /* F12022 */ = {
			isa = PBXNativeTarget;
			buildConfigurationList = BB335C8A288836780050EE35 /* Build configuration list for PBXNativeTarget "F12022" */;
			buildPhases = (
				BB335C72288836750050EE35 /* Sources */,
				BB335C73288836750050EE35 /* Frameworks */,
				BB335C74288836750050EE35 /* Resources */,
			);
			buildRules = (
			);
			dependencies = (
			);
			name = F12022;
			productName = F12022;
			productReference = BB335C76288836750050EE35 /* F12022.app */;
			productType = "com.apple.product-type.application";
		};
/* End PBXNativeTarget section */

/* Begin PBXProject section */
		BB335C6E288836750050EE35 /* Project object */ = {
			isa = PBXProject;
			attributes = {
				BuildIndependentTargetsInParallel = 1;
				LastSwiftUpdateCheck = 1400;
				LastUpgradeCheck = 1400;
				TargetAttributes = {
					BB335C75288836750050EE35 = {
						CreatedOnToolsVersion = 14.0;
					};
				};
			};
			buildConfigurationList = BB335C71288836750050EE35 /* Build configuration list for PBXProject "F12022" */;
			compatibilityVersion = "Xcode 14.0";
			developmentRegion = en;
			hasScannedForEncodings = 0;
			knownRegions = (
				en,
				Base,
			);
			mainGroup = BB335C6D288836750050EE35;
			productRefGroup = BB335C77288836750050EE35 /* Products */;
			projectDirPath = "";
			projectRoot = "";
			targets = (
				BB335C75288836750050EE35 /* F12022 */,
			);
		};
/* End PBXProject section */

/* Begin PBXResourcesBuildPhase section */
		BB335C74288836750050EE35 /* Resources */ = {
			isa = PBXResourcesBuildPhase;
			buildActionMask = 2147483647;
			files = (
				BB335C86288836780050EE35 /* LaunchScreen.storyboard in Resources */,
				BB335C83288836780050EE35 /* Assets.xcassets in Resources */,
				BBA87DCA28883B3B000E9E09 /* Formula1-Bold.ttf in Resources */,
				BBA87DC928883B3B000E9E09 /* Formula1-Regular.ttf in Resources */,
				BB335C81288836760050EE35 /* Main.storyboard in Resources */,
			);
			runOnlyForDeploymentPostprocessing = 0;
		};
/* End PBXResourcesBuildPhase section */

/* Begin PBXSourcesBuildPhase section */
		BB335C72288836750050EE35 /* Sources */ = {
			isa = PBXSourcesBuildPhase;
			buildActionMask = 2147483647;
			files = (
				BB335C7E288836760050EE35 /* ViewController.swift in Sources */,
				BB335C7A288836760050EE35 /* AppDelegate.swift in Sources */,
				BB335C7C288836760050EE35 /* SceneDelegate.swift in Sources */,
			);
			runOnlyForDeploymentPostprocessing = 0;
		};
/* End PBXSourcesBuildPhase section */

/* Begin PBXVariantGroup section */
		BB335C7F288836760050EE35 /* Main.storyboard */ = {
			isa = PBXVariantGroup;
			children = (
				BB335C80288836760050EE35 /* Base */,
			);
			name = Main.storyboard;
			sourceTree = "<group>";
		};
		BB335C84288836780050EE35 /* LaunchScreen.storyboard */ = {
			isa = PBXVariantGroup;
			children = (
				BB335C85288836780050EE35 /* Base */,
			);
			name = LaunchScreen.storyboard;
			sourceTree = "<group>";
		};
/* End PBXVariantGroup section */

/* Begin XCBuildConfiguration section */
		BB335C88288836780050EE35 /* Debug */ = {
			isa = XCBuildConfiguration;
			buildSettings = {
				ALWAYS_SEARCH_USER_PATHS = NO;
				CLANG_ANALYZER_LOCALIZABILITY_NONLOCALIZED = YES;
				CLANG_ANALYZER_NONNULL = YES;
				CLANG_ANALYZER_NUMBER_OBJECT_CONVERSION = YES_AGGRESSIVE;
				CLANG_CXX_LANGUAGE_STANDARD = "gnu++20";
				CLANG_ENABLE_MODULES = YES;
				CLANG_ENABLE_OBJC_ARC = YES;
				CLANG_ENABLE_OBJC_WEAK = YES;
				CLANG_WARN_BLOCK_CAPTURE_AUTORELEASING = YES;
				CLANG_WARN_BOOL_CONVERSION = YES;
				CLANG_WARN_COMMA = YES;
				CLANG_WARN_CONSTANT_CONVERSION = YES;
				CLANG_WARN_DEPRECATED_OBJC_IMPLEMENTATIONS = YES;
				CLANG_WARN_DIRECT_OBJC_ISA_USAGE = YES_ERROR;
				CLANG_WARN_DOCUMENTATION_COMMENTS = YES;
				CLANG_WARN_EMPTY_BODY = YES;
				CLANG_WARN_ENUM_CONVERSION = YES;
				CLANG_WARN_INFINITE_RECURSION = YES;
				CLANG_WARN_INT_CONVERSION = YES;
				CLANG_WARN_NON_LITERAL_NULL_CONVERSION = YES;
				CLANG_WARN_OBJC_IMPLICIT_RETAIN_SELF = YES;
				CLANG_WARN_OBJC_LITERAL_CONVERSION = YES;
				CLANG_WARN_OBJC_ROOT_CLASS = YES_ERROR;
				CLANG_WARN_QUOTED_INCLUDE_IN_FRAMEWORK_HEADER = YES;
				CLANG_WARN_RANGE_LOOP_ANALYSIS = YES;
				CLANG_WARN_STRICT_PROTOTYPES = YES;
				CLANG_WARN_SUSPICIOUS_MOVE = YES;
				CLANG_WARN_UNGUARDED_AVAILABILITY = YES_AGGRESSIVE;
				CLANG_WARN_UNREACHABLE_CODE = YES;
				CLANG_WARN__DUPLICATE_METHOD_MATCH = YES;
				COPY_PHASE_STRIP = NO;
				DEBUG_INFORMATION_FORMAT = dwarf;
				ENABLE_STRICT_OBJC_MSGSEND = YES;
				ENABLE_TESTABILITY = YES;
				GCC_C_LANGUAGE_STANDARD = gnu11;
				GCC_DYNAMIC_NO_PIC = NO;
				GCC_NO_COMMON_BLOCKS = YES;
				GCC_OPTIMIZATION_LEVEL = 0;
				GCC_PREPROCESSOR_DEFINITIONS = (
					"DEBUG=1",
					"$(inherited)",
				);
				GCC_WARN_64_TO_32_BIT_CONVERSION = YES;
				GCC_WARN_ABOUT_RETURN_TYPE = YES_ERROR;
				GCC_WARN_UNDECLARED_SELECTOR = YES;
				GCC_WARN_UNINITIALIZED_AUTOS = YES_AGGRESSIVE;
				GCC_WARN_UNUSED_FUNCTION = YES;
				GCC_WARN_UNUSED_VARIABLE = YES;
				IPHONEOS_DEPLOYMENT_TARGET = 15.0;
				MTL_ENABLE_DEBUG_INFO = INCLUDE_SOURCE;
				MTL_FAST_MATH = YES;
				ONLY_ACTIVE_ARCH = YES;
				SDKROOT = iphoneos;
				SWIFT_ACTIVE_COMPILATION_CONDITIONS = DEBUG;
				SWIFT_OPTIMIZATION_LEVEL = "-Onone";
			};
			name = Debug;
		};
		BB335C89288836780050EE35 /* Release */ = {
			isa = XCBuildConfiguration;
			buildSettings = {
				ALWAYS_SEARCH_USER_PATHS = NO;
				CLANG_ANALYZER_LOCALIZABILITY_NONLOCALIZED = YES;
				CLANG_ANALYZER_NONNULL = YES;
				CLANG_ANALYZER_NUMBER_OBJECT_CONVERSION = YES_AGGRESSIVE;
				CLANG_CXX_LANGUAGE_STANDARD = "gnu++20";
				CLANG_ENABLE_MODULES = YES;
				CLANG_ENABLE_OBJC_ARC = YES;
				CLANG_ENABLE_OBJC_WEAK = YES;
				CLANG_WARN_BLOCK_CAPTURE_AUTORELEASING = YES;
				CLANG_WARN_BOOL_CONVERSION = YES;
				CLANG_WARN_COMMA = YES;
				CLANG_WARN_CONSTANT_CONVERSION = YES;
				CLANG_WARN_DEPRECATED_OBJC_IMPLEMENTATIONS = YES;
				CLANG_WARN_DIRECT_OBJC_ISA_USAGE = YES_ERROR;
				CLANG_WARN_DOCUMENTATION_COMMENTS = YES;
				CLANG_WARN_EMPTY_BODY = YES;
				CLANG_WARN_ENUM_CONVERSION = YES;
				CLANG_WARN_INFINITE_RECURSION = YES;
				CLANG_WARN_INT_CONVERSION = YES;
				CLANG_WARN_NON_LITERAL_NULL_CONVERSION = YES;
				CLANG_WARN_OBJC_IMPLICIT_RETAIN_SELF = YES;
				CLANG_WARN_OBJC_LITERAL_CONVERSION = YES;
				CLANG_WARN_OBJC_ROOT_CLASS = YES_ERROR;
				CLANG_WARN_QUOTED_INCLUDE_IN_FRAMEWORK_HEADER = YES;
				CLANG_WARN_RANGE_LOOP_ANALYSIS = YES;
				CLANG_WARN_STRICT_PROTOTYPES = YES;
				CLANG_WARN_SUSPICIOUS_MOVE = YES;
				CLANG_WARN_UNGUARDED_AVAILABILITY = YES_AGGRESSIVE;
				CLANG_WARN_UNREACHABLE_CODE = YES;
				CLANG_WARN__DUPLICATE_METHOD_MATCH = YES;
				COPY_PHASE_STRIP = NO;
				DEBUG_INFORMATION_FORMAT = "dwarf-with-dsym";
				ENABLE_NS_ASSERTIONS = NO;
				ENABLE_STRICT_OBJC_MSGSEND = YES;
				GCC_C_LANGUAGE_STANDARD = gnu11;
				GCC_NO_COMMON_BLOCKS = YES;
				GCC_WARN_64_TO_32_BIT_CONVERSION = YES;
				GCC_WARN_ABOUT_RETURN_TYPE = YES_ERROR;
				GCC_WARN_UNDECLARED_SELECTOR = YES;
				GCC_WARN_UNINITIALIZED_AUTOS = YES_AGGRESSIVE;
				GCC_WARN_UNUSED_FUNCTION = YES;
				GCC_WARN_UNUSED_VARIABLE = YES;
				IPHONEOS_DEPLOYMENT_TARGET = 15.0;
				MTL_ENABLE_DEBUG_INFO = NO;
				MTL_FAST_MATH = YES;
				SDKROOT = iphoneos;
				SWIFT_COMPILATION_MODE = wholemodule;
				SWIFT_OPTIMIZATION_LEVEL = "-O";
				VALIDATE_PRODUCT = YES;
			};
			name = Release;
		};
		BB335C8B288836780050EE35 /* Debug */ = {
			isa = XCBuildConfiguration;
			buildSettings = {
				ASSETCATALOG_COMPILER_APPICON_NAME = AppIcon;
				ASSETCATALOG_COMPILER_GLOBAL_ACCENT_COLOR_NAME = AccentColor;
				CODE_SIGN_STYLE = Automatic;
				CURRENT_PROJECT_VERSION = 1;
				DEVELOPMENT_TEAM = 9A828DBKJV;
				GENERATE_INFOPLIST_FILE = YES;
				INFOPLIST_FILE = F12022/Info.plist;
				INFOPLIST_KEY_UIApplicationSupportsIndirectInputEvents = YES;
				INFOPLIST_KEY_UILaunchStoryboardName = LaunchScreen;
				INFOPLIST_KEY_UIMainStoryboardFile = Main;
				INFOPLIST_KEY_UISupportedInterfaceOrientations_iPad = "UIInterfaceOrientationPortrait UIInterfaceOrientationPortraitUpsideDown UIInterfaceOrientationLandscapeLeft UIInterfaceOrientationLandscapeRight";
				INFOPLIST_KEY_UISupportedInterfaceOrientations_iPhone = "UIInterfaceOrientationPortrait UIInterfaceOrientationLandscapeLeft UIInterfaceOrientationLandscapeRight";
				IPHONEOS_DEPLOYMENT_TARGET = 15.0;
				LD_RUNPATH_SEARCH_PATHS = (
					"$(inherited)",
					"@executable_path/Frameworks",
				);
				MARKETING_VERSION = 1.0;
				PRODUCT_BUNDLE_IDENTIFIER = Jube.F12022;
				PRODUCT_NAME = "$(TARGET_NAME)";
				SWIFT_EMIT_LOC_STRINGS = YES;
				SWIFT_VERSION = 5.0;
				TARGETED_DEVICE_FAMILY = "1,2";
			};
			name = Debug;
		};
		BB335C8C288836780050EE35 /* Release */ = {
			isa = XCBuildConfiguration;
			buildSettings = {
				ASSETCATALOG_COMPILER_APPICON_NAME = AppIcon;
				ASSETCATALOG_COMPILER_GLOBAL_ACCENT_COLOR_NAME = AccentColor;
				CODE_SIGN_STYLE = Automatic;
				CURRENT_PROJECT_VERSION = 1;
				DEVELOPMENT_TEAM = 9A828DBKJV;
				GENERATE_INFOPLIST_FILE = YES;
				INFOPLIST_FILE = F12022/Info.plist;
				INFOPLIST_KEY_UIApplicationSupportsIndirectInputEvents = YES;
				INFOPLIST_KEY_UILaunchStoryboardName = LaunchScreen;
				INFOPLIST_KEY_UIMainStoryboardFile = Main;
				INFOPLIST_KEY_UISupportedInterfaceOrientations_iPad = "UIInterfaceOrientationPortrait UIInterfaceOrientationPortraitUpsideDown UIInterfaceOrientationLandscapeLeft UIInterfaceOrientationLandscapeRight";
				INFOPLIST_KEY_UISupportedInterfaceOrientations_iPhone = "UIInterfaceOrientationPortrait UIInterfaceOrientationLandscapeLeft UIInterfaceOrientationLandscapeRight";
				IPHONEOS_DEPLOYMENT_TARGET = 15.0;
				LD_RUNPATH_SEARCH_PATHS = (
					"$(inherited)",
					"@executable_path/Frameworks",
				);
				MARKETING_VERSION = 1.0;
				PRODUCT_BUNDLE_IDENTIFIER = Jube.F12022;
				PRODUCT_NAME = "$(TARGET_NAME)";
				SWIFT_EMIT_LOC_STRINGS = YES;
				SWIFT_VERSION = 5.0;
				TARGETED_DEVICE_FAMILY = "1,2";
			};
			name = Release;
		};
/* End XCBuildConfiguration section */

/* Begin XCConfigurationList section */
		BB335C71288836750050EE35 /* Build configuration list for PBXProject "F12022" */ = {
			isa = XCConfigurationList;
			buildConfigurations = (
				BB335C88288836780050EE35 /* Debug */,
				BB335C89288836780050EE35 /* Release */,
			);
			defaultConfigurationIsVisible = 0;
			defaultConfigurationName = Release;
		};
		BB335C8A288836780050EE35 /* Build configuration list for PBXNativeTarget "F12022" */ = {
			isa = XCConfigurationList;
			buildConfigurations = (
				BB335C8B288836780050EE35 /* Debug */,
				BB335C8C288836780050EE35 /* Release */,
			);
			defaultConfigurationIsVisible = 0;
			defaultConfigurationName = Release;
		};
/* End XCConfigurationList section */
	};
	rootObject = BB335C6E288836750050EE35 /* Project object */;
}
